
Microsoft Visual Studio Solution File, Format Version 12.00
# Visual Studio 15
VisualStudioVersion = 15.0.28307.705
MinimumVisualStudioVersion = 10.0.40219.1
Project("{9A19103F-16F7-4668-BE54-9A1E7A4F7556}") = "SoundSesh.General.API", "SoundSesh.General.API\SoundSesh.General.API.csproj", "{C1E128AA-B8D2-4530-ABB5-DA3F2BE4A5DC}"
EndProject
Project("{9A19103F-16F7-4668-BE54-9A1E7A4F7556}") = "SoundSesh.General.Core", "SoundSesh.General.Core\SoundSesh.General.Core.csproj", "{DB7327EF-E270-41BE-B18B-FF649CF70BBF}"
EndProject
Project("{2150E333-8FDC-42A3-9474-1A3956D46DE8}") = "Common Scripts", "Common Scripts", "{9CF16691-E231-40E5-968D-34A088E7B45E}"
	ProjectSection(SolutionItems) = preProject
		Update-SubModule.ps1 = Update-SubModule.ps1
	EndProjectSection
EndProject
Project("{9A19103F-16F7-4668-BE54-9A1E7A4F7556}") = "SoundSesh.Common", "SoundSesh.Common\SoundSesh.Common.csproj", "{22C0337F-8D03-4276-9811-E37810EC2C7E}"
EndProject
Global
	GlobalSection(SolutionConfigurationPlatforms) = preSolution
		Debug|Any CPU = Debug|Any CPU
		Release|Any CPU = Release|Any CPU
	EndGlobalSection
	GlobalSection(ProjectConfigurationPlatforms) = postSolution
		{C1E128AA-B8D2-4530-ABB5-DA3F2BE4A5DC}.Debug|Any CPU.ActiveCfg = Debug|Any CPU
		{C1E128AA-B8D2-4530-ABB5-DA3F2BE4A5DC}.Debug|Any CPU.Build.0 = Debug|Any CPU
		{C1E128AA-B8D2-4530-ABB5-DA3F2BE4A5DC}.Release|Any CPU.ActiveCfg = Release|Any CPU
		{C1E128AA-B8D2-4530-ABB5-DA3F2BE4A5DC}.Release|Any CPU.Build.0 = Release|Any CPU
		{DB7327EF-E270-41BE-B18B-FF649CF70BBF}.Debug|Any CPU.ActiveCfg = Debug|Any CPU
		{DB7327EF-E270-41BE-B18B-FF649CF70BBF}.Debug|Any CPU.Build.0 = Debug|Any CPU
		{DB7327EF-E270-41BE-B18B-FF649CF70BBF}.Release|Any CPU.ActiveCfg = Release|Any CPU
		{DB7327EF-E270-41BE-B18B-FF649CF70BBF}.Release|Any CPU.Build.0 = Release|Any CPU
		{22C0337F-8D03-4276-9811-E37810EC2C7E}.Debug|Any CPU.ActiveCfg = Debug|Any CPU
		{22C0337F-8D03-4276-9811-E37810EC2C7E}.Debug|Any CPU.Build.0 = Debug|Any CPU
		{22C0337F-8D03-4276-9811-E37810EC2C7E}.Release|Any CPU.ActiveCfg = Release|Any CPU
		{22C0337F-8D03-4276-9811-E37810EC2C7E}.Release|Any CPU.Build.0 = Release|Any CPU
	EndGlobalSection
	GlobalSection(SolutionProperties) = preSolution
		HideSolutionNode = FALSE
	EndGlobalSection
	GlobalSection(ExtensibilityGlobals) = postSolution
		SolutionGuid = {50E12D64-A081-496F-9504-47940FF18DE2}
	EndGlobalSection
EndGlobal
